
Microsoft Visual Studio Solution File, Format Version 12.00
# Visual Studio 15
VisualStudioVersion = 15.0.27428.2037
MinimumVisualStudioVersion = 10.0.40219.1
Project("{FAE04EC0-301F-11D3-BF4B-00C04F79EFBC}") = "ODataQueryHelper.Core", "ODataQueryHelper.Core\ODataQueryHelper.Core.csproj", "{7983ADF0-A14F-4291-AF59-C57EA5043F69}"
EndProject
Project("{9A19103F-16F7-4668-BE54-9A1E7A4F7556}") = "ODataQueryHelper.MongoDB", "ODataQueryHelper.MongoDB\ODataQueryHelper.MongoDB.csproj", "{C588AB14-4423-4491-B510-2F5148A5D45B}"
EndProject
Global
	GlobalSection(SolutionConfigurationPlatforms) = preSolution
		Debug|Any CPU = Debug|Any CPU
		Release|Any CPU = Release|Any CPU
	EndGlobalSection
	GlobalSection(ProjectConfigurationPlatforms) = postSolution
		{7983ADF0-A14F-4291-AF59-C57EA5043F69}.Debug|Any CPU.ActiveCfg = Debug|Any CPU
		{7983ADF0-A14F-4291-AF59-C57EA5043F69}.Debug|Any CPU.Build.0 = Debug|Any CPU
		{7983ADF0-A14F-4291-AF59-C57EA5043F69}.Release|Any CPU.ActiveCfg = Release|Any CPU
		{7983ADF0-A14F-4291-AF59-C57EA5043F69}.Release|Any CPU.Build.0 = Release|Any CPU
		{C588AB14-4423-4491-B510-2F5148A5D45B}.Debug|Any CPU.ActiveCfg = Debug|Any CPU
		{C588AB14-4423-4491-B510-2F5148A5D45B}.Debug|Any CPU.Build.0 = Debug|Any CPU
		{C588AB14-4423-4491-B510-2F5148A5D45B}.Release|Any CPU.ActiveCfg = Release|Any CPU
		{C588AB14-4423-4491-B510-2F5148A5D45B}.Release|Any CPU.Build.0 = Release|Any CPU
	EndGlobalSection
	GlobalSection(SolutionProperties) = preSolution
		HideSolutionNode = FALSE
	EndGlobalSection
	GlobalSection(ExtensibilityGlobals) = postSolution
		SolutionGuid = {88C5EF53-EA4E-486D-A273-B9AAC142EFBE}
	EndGlobalSection
EndGlobal
